
Microsoft Visual Studio Solution File, Format Version 12.00
# Visual Studio Version 17
VisualStudioVersion = 17.10.35122.118
MinimumVisualStudioVersion = 10.0.40219.1
Project("{9A19103F-16F7-4668-BE54-9A1E7A4F7556}") = "Laboratorio1P3AchigSteven", "Laboratorio1P3AchigSteven\Laboratorio1P3AchigSteven.csproj", "{9210B881-A61D-4481-A22D-1BFAB71D4F22}"
EndProject
Project("{FAE04EC0-301F-11D3-BF4B-00C04F79EFBC}") = "MSTestUnit", "MSTestUnit\MSTestUnit.csproj", "{D493A2A7-BDB2-4CED-BB9A-C0EF54378EC7}"
EndProject
Global
	GlobalSection(SolutionConfigurationPlatforms) = preSolution
		Debug|Any CPU = Debug|Any CPU
		Release|Any CPU = Release|Any CPU
	EndGlobalSection
	GlobalSection(ProjectConfigurationPlatforms) = postSolution
		{9210B881-A61D-4481-A22D-1BFAB71D4F22}.Debug|Any CPU.ActiveCfg = Debug|Any CPU
		{9210B881-A61D-4481-A22D-1BFAB71D4F22}.Debug|Any CPU.Build.0 = Debug|Any CPU
		{9210B881-A61D-4481-A22D-1BFAB71D4F22}.Release|Any CPU.ActiveCfg = Release|Any CPU
		{9210B881-A61D-4481-A22D-1BFAB71D4F22}.Release|Any CPU.Build.0 = Release|Any CPU
		{D493A2A7-BDB2-4CED-BB9A-C0EF54378EC7}.Debug|Any CPU.ActiveCfg = Debug|Any CPU
		{D493A2A7-BDB2-4CED-BB9A-C0EF54378EC7}.Debug|Any CPU.Build.0 = Debug|Any CPU
		{D493A2A7-BDB2-4CED-BB9A-C0EF54378EC7}.Release|Any CPU.ActiveCfg = Release|Any CPU
		{D493A2A7-BDB2-4CED-BB9A-C0EF54378EC7}.Release|Any CPU.Build.0 = Release|Any CPU
	EndGlobalSection
	GlobalSection(SolutionProperties) = preSolution
		HideSolutionNode = FALSE
	EndGlobalSection
	GlobalSection(ExtensibilityGlobals) = postSolution
		SolutionGuid = {E3DABAEB-775C-46EF-9425-5E5A27BA18D3}
	EndGlobalSection
EndGlobal
